// !$*UTF8*$!
{
	archiveVersion = 1;
	classes = {
	};
	objectVersion = 46;
	objects = {

/* Begin PBXBuildFile section */
		74037ADA1AC9D6DC0038DF4F /* PlaneFigure.cpp in Sources */ = {isa = PBXBuildFile; fileRef = 74037AD81AC9D6DC0038DF4F /* PlaneFigure.cpp */; };
		74037ADD1AC9D85D0038DF4F /* Rect.cpp in Sources */ = {isa = PBXBuildFile; fileRef = 74037ADB1AC9D85D0038DF4F /* Rect.cpp */; };
		742A70061AC9A40000082DDA /* main.cpp in Sources */ = {isa = PBXBuildFile; fileRef = 742A70051AC9A40000082DDA /* main.cpp */; };
		742A700E1AC9ACDD00082DDA /* Foo.cpp in Sources */ = {isa = PBXBuildFile; fileRef = 742A700C1AC9ACDD00082DDA /* Foo.cpp */; };
		742A70111AC9AD1D00082DDA /* Goo.cpp in Sources */ = {isa = PBXBuildFile; fileRef = 742A700F1AC9AD1D00082DDA /* Goo.cpp */; };
/* End PBXBuildFile section */

/* Begin PBXCopyFilesBuildPhase section */
		742A70001AC9A40000082DDA /* CopyFiles */ = {
			isa = PBXCopyFilesBuildPhase;
			buildActionMask = 2147483647;
			dstPath = /usr/share/man/man1/;
			dstSubfolderSpec = 0;
			files = (
			);
			runOnlyForDeploymentPostprocessing = 1;
		};
/* End PBXCopyFilesBuildPhase section */

/* Begin PBXFileReference section */
		74037AD51AC9C64E0038DF4F /* A.h */ = {isa = PBXFileReference; lastKnownFileType = sourcecode.c.h; name = A.h; path = "exercise 2/A.h"; sourceTree = "<group>"; };
		74037AD61AC9C65E0038DF4F /* B.h */ = {isa = PBXFileReference; lastKnownFileType = sourcecode.c.h; name = B.h; path = "exercise 2/B.h"; sourceTree = "<group>"; };
		74037AD71AC9C65E0038DF4F /* C.h */ = {isa = PBXFileReference; lastKnownFileType = sourcecode.c.h; name = C.h; path = "exercise 2/C.h"; sourceTree = "<group>"; };
		74037AD81AC9D6DC0038DF4F /* PlaneFigure.cpp */ = {isa = PBXFileReference; fileEncoding = 4; lastKnownFileType = sourcecode.cpp.cpp; path = PlaneFigure.cpp; sourceTree = "<group>"; };
		74037AD91AC9D6DC0038DF4F /* PlaneFigure.h */ = {isa = PBXFileReference; fileEncoding = 4; lastKnownFileType = sourcecode.c.h; path = PlaneFigure.h; sourceTree = "<group>"; };
		74037ADB1AC9D85D0038DF4F /* Rect.cpp */ = {isa = PBXFileReference; fileEncoding = 4; lastKnownFileType = sourcecode.cpp.cpp; path = Rect.cpp; sourceTree = "<group>"; };
		74037ADC1AC9D85D0038DF4F /* Rect.h */ = {isa = PBXFileReference; fileEncoding = 4; lastKnownFileType = sourcecode.c.h; path = Rect.h; sourceTree = "<group>"; };
		742A70021AC9A40000082DDA /* Labo 6 */ = {isa = PBXFileReference; explicitFileType = "compiled.mach-o.executable"; includeInIndex = 0; path = "Labo 6"; sourceTree = BUILT_PRODUCTS_DIR; };
		742A70051AC9A40000082DDA /* main.cpp */ = {isa = PBXFileReference; lastKnownFileType = sourcecode.cpp.cpp; path = main.cpp; sourceTree = "<group>"; };
		742A700C1AC9ACDD00082DDA /* Foo.cpp */ = {isa = PBXFileReference; fileEncoding = 4; lastKnownFileType = sourcecode.cpp.cpp; path = Foo.cpp; sourceTree = "<group>"; };
		742A700D1AC9ACDD00082DDA /* Foo.h */ = {isa = PBXFileReference; fileEncoding = 4; lastKnownFileType = sourcecode.c.h; path = Foo.h; sourceTree = "<group>"; };
		742A700F1AC9AD1D00082DDA /* Goo.cpp */ = {isa = PBXFileReference; fileEncoding = 4; lastKnownFileType = sourcecode.cpp.cpp; path = Goo.cpp; sourceTree = "<group>"; };
		742A70101AC9AD1D00082DDA /* Goo.h */ = {isa = PBXFileReference; fileEncoding = 4; lastKnownFileType = sourcecode.c.h; path = Goo.h; sourceTree = "<group>"; };
		742A702B1AC9C0B400082DDA /* A.h */ = {isa = PBXFileReference; fileEncoding = 4; lastKnownFileType = sourcecode.c.h; name = A.h; path = "exercise 3/A.h"; sourceTree = "<group>"; };
		742A702E1AC9C0BC00082DDA /* B.h */ = {isa = PBXFileReference; fileEncoding = 4; lastKnownFileType = sourcecode.c.h; name = B.h; path = "exercise 3/B.h"; sourceTree = "<group>"; };
		742A70351AC9C11700082DDA /* C.h */ = {isa = PBXFileReference; fileEncoding = 4; lastKnownFileType = sourcecode.c.h; name = C.h; path = "exercise 3/C.h"; sourceTree = "<group>"; };
		742A70381AC9C11F00082DDA /* D.h */ = {isa = PBXFileReference; fileEncoding = 4; lastKnownFileType = sourcecode.c.h; name = D.h; path = "exercise 3/D.h"; sourceTree = "<group>"; };
/* End PBXFileReference section */

/* Begin PBXFrameworksBuildPhase section */
		742A6FFF1AC9A40000082DDA /* Frameworks */ = {
			isa = PBXFrameworksBuildPhase;
			buildActionMask = 2147483647;
			files = (
			);
			runOnlyForDeploymentPostprocessing = 0;
		};
/* End PBXFrameworksBuildPhase section */

/* Begin PBXGroup section */
		742A6FF91AC9A40000082DDA = {
			isa = PBXGroup;
			children = (
				742A70041AC9A40000082DDA /* Labo 6 */,
				742A70031AC9A40000082DDA /* Products */,
			);
			sourceTree = "<group>";
		};
		742A70031AC9A40000082DDA /* Products */ = {
			isa = PBXGroup;
			children = (
				742A70021AC9A40000082DDA /* Labo 6 */,
			);
			name = Products;
			sourceTree = "<group>";
		};
		742A70041AC9A40000082DDA /* Labo 6 */ = {
			isa = PBXGroup;
			children = (
				742A70051AC9A40000082DDA /* main.cpp */,
				74037AD81AC9D6DC0038DF4F /* PlaneFigure.cpp */,
				74037AD91AC9D6DC0038DF4F /* PlaneFigure.h */,
				74037ADB1AC9D85D0038DF4F /* Rect.cpp */,
				74037ADC1AC9D85D0038DF4F /* Rect.h */,
				742A70121AC9ADF900082DDA /* Exercise 1 */,
				742A70131AC9AEE300082DDA /* Exercise 2 */,
				742A701D1AC9C02A00082DDA /* Exercise 3 */,
			);
			path = "Labo 6";
			sourceTree = "<group>";
		};
		742A70121AC9ADF900082DDA /* Exercise 1 */ = {
			isa = PBXGroup;
			children = (
				742A700C1AC9ACDD00082DDA /* Foo.cpp */,
				742A700D1AC9ACDD00082DDA /* Foo.h */,
				742A700F1AC9AD1D00082DDA /* Goo.cpp */,
				742A70101AC9AD1D00082DDA /* Goo.h */,
			);
			name = "Exercise 1";
			sourceTree = "<group>";
		};
		742A70131AC9AEE300082DDA /* Exercise 2 */ = {
			isa = PBXGroup;
			children = (
				74037AD51AC9C64E0038DF4F /* A.h */,
				74037AD61AC9C65E0038DF4F /* B.h */,
				74037AD71AC9C65E0038DF4F /* C.h */,
			);
			name = "Exercise 2";
			sourceTree = "<group>";
		};
		742A701D1AC9C02A00082DDA /* Exercise 3 */ = {
			isa = PBXGroup;
			children = (
				742A702B1AC9C0B400082DDA /* A.h */,
				742A702E1AC9C0BC00082DDA /* B.h */,
				742A70351AC9C11700082DDA /* C.h */,
				742A70381AC9C11F00082DDA /* D.h */,
			);
			name = "Exercise 3";
			sourceTree = "<group>";
		};
/* End PBXGroup section */

/* Begin PBXNativeTarget section */
		742A70011AC9A40000082DDA /* Labo 6 */ = {
			isa = PBXNativeTarget;
			buildConfigurationList = 742A70091AC9A40000082DDA /* Build configuration list for PBXNativeTarget "Labo 6" */;
			buildPhases = (
				742A6FFE1AC9A40000082DDA /* Sources */,
				742A6FFF1AC9A40000082DDA /* Frameworks */,
				742A70001AC9A40000082DDA /* CopyFiles */,
			);
			buildRules = (
			);
			dependencies = (
			);
			name = "Labo 6";
			productName = "Labo 6";
			productReference = 742A70021AC9A40000082DDA /* Labo 6 */;
			productType = "com.apple.product-type.tool";
		};
/* End PBXNativeTarget section */

/* Begin PBXProject section */
		742A6FFA1AC9A40000082DDA /* Project object */ = {
			isa = PBXProject;
			attributes = {
				LastUpgradeCheck = 0630;
				ORGANIZATIONNAME = "Damiaan Dufaux";
				TargetAttributes = {
					742A70011AC9A40000082DDA = {
						CreatedOnToolsVersion = 6.3;
					};
				};
			};
			buildConfigurationList = 742A6FFD1AC9A40000082DDA /* Build configuration list for PBXProject "Labo 6" */;
			compatibilityVersion = "Xcode 3.2";
			developmentRegion = English;
			hasScannedForEncodings = 0;
			knownRegions = (
				en,
			);
			mainGroup = 742A6FF91AC9A40000082DDA;
			productRefGroup = 742A70031AC9A40000082DDA /* Products */;
			projectDirPath = "";
			projectRoot = "";
			targets = (
				742A70011AC9A40000082DDA /* Labo 6 */,
			);
		};
/* End PBXProject section */

/* Begin PBXSourcesBuildPhase section */
		742A6FFE1AC9A40000082DDA /* Sources */ = {
			isa = PBXSourcesBuildPhase;
			buildActionMask = 2147483647;
			files = (
				742A70111AC9AD1D00082DDA /* Goo.cpp in Sources */,
				742A700E1AC9ACDD00082DDA /* Foo.cpp in Sources */,
				74037ADA1AC9D6DC0038DF4F /* PlaneFigure.cpp in Sources */,
				742A70061AC9A40000082DDA /* main.cpp in Sources */,
				74037ADD1AC9D85D0038DF4F /* Rect.cpp in Sources */,
			);
			runOnlyForDeploymentPostprocessing = 0;
		};
/* End PBXSourcesBuildPhase section */

/* Begin XCBuildConfiguration section */
		742A70071AC9A40000082DDA /* Debug */ = {
			isa = XCBuildConfiguration;
			buildSettings = {
				ALWAYS_SEARCH_USER_PATHS = NO;
				CLANG_CXX_LANGUAGE_STANDARD = "gnu++0x";
				CLANG_CXX_LIBRARY = "libc++";
				CLANG_ENABLE_MODULES = YES;
				CLANG_ENABLE_OBJC_ARC = YES;
				CLANG_WARN_BOOL_CONVERSION = YES;
				CLANG_WARN_CONSTANT_CONVERSION = YES;
				CLANG_WARN_DIRECT_OBJC_ISA_USAGE = YES_ERROR;
				CLANG_WARN_EMPTY_BODY = YES;
				CLANG_WARN_ENUM_CONVERSION = YES;
				CLANG_WARN_INT_CONVERSION = YES;
				CLANG_WARN_OBJC_ROOT_CLASS = YES_ERROR;
				CLANG_WARN_UNREACHABLE_CODE = YES;
				CLANG_WARN__DUPLICATE_METHOD_MATCH = YES;
				COPY_PHASE_STRIP = NO;
				DEBUG_INFORMATION_FORMAT = dwarf;
				ENABLE_STRICT_OBJC_MSGSEND = YES;
				GCC_C_LANGUAGE_STANDARD = gnu99;
				GCC_DYNAMIC_NO_PIC = NO;
				GCC_NO_COMMON_BLOCKS = YES;
				GCC_OPTIMIZATION_LEVEL = 0;
				GCC_PREPROCESSOR_DEFINITIONS = (
					"DEBUG=1",
					"$(inherited)",
				);
				GCC_SYMBOLS_PRIVATE_EXTERN = NO;
				GCC_WARN_64_TO_32_BIT_CONVERSION = YES;
				GCC_WARN_ABOUT_RETURN_TYPE = YES_ERROR;
				GCC_WARN_UNDECLARED_SELECTOR = YES;
				GCC_WARN_UNINITIALIZED_AUTOS = YES_AGGRESSIVE;
				GCC_WARN_UNUSED_FUNCTION = YES;
				GCC_WARN_UNUSED_VARIABLE = YES;
				MACOSX_DEPLOYMENT_TARGET = 10.10;
				MTL_ENABLE_DEBUG_INFO = YES;
				ONLY_ACTIVE_ARCH = YES;
				SDKROOT = macosx;
			};
			name = Debug;
		};
		742A70081AC9A40000082DDA /* Release */ = {
			isa = XCBuildConfiguration;
			buildSettings = {
				ALWAYS_SEARCH_USER_PATHS = NO;
				CLANG_CXX_LANGUAGE_STANDARD = "gnu++0x";
				CLANG_CXX_LIBRARY = "libc++";
				CLANG_ENABLE_MODULES = YES;
				CLANG_ENABLE_OBJC_ARC = YES;
				CLANG_WARN_BOOL_CONVERSION = YES;
				CLANG_WARN_CONSTANT_CONVERSION = YES;
				CLANG_WARN_DIRECT_OBJC_ISA_USAGE = YES_ERROR;
				CLANG_WARN_EMPTY_BODY = YES;
				CLANG_WARN_ENUM_CONVERSION = YES;
				CLANG_WARN_INT_CONVERSION = YES;
				CLANG_WARN_OBJC_ROOT_CLASS = YES_ERROR;
				CLANG_WARN_UNREACHABLE_CODE = YES;
				CLANG_WARN__DUPLICATE_METHOD_MATCH = YES;
				COPY_PHASE_STRIP = NO;
				DEBUG_INFORMATION_FORMAT = "dwarf-with-dsym";
				ENABLE_NS_ASSERTIONS = NO;
				ENABLE_STRICT_OBJC_MSGSEND = YES;
				GCC_C_LANGUAGE_STANDARD = gnu99;
				GCC_NO_COMMON_BLOCKS = YES;
				GCC_WARN_64_TO_32_BIT_CONVERSION = YES;
				GCC_WARN_ABOUT_RETURN_TYPE = YES_ERROR;
				GCC_WARN_UNDECLARED_SELECTOR = YES;
				GCC_WARN_UNINITIALIZED_AUTOS = YES_AGGRESSIVE;
				GCC_WARN_UNUSED_FUNCTION = YES;
				GCC_WARN_UNUSED_VARIABLE = YES;
				MACOSX_DEPLOYMENT_TARGET = 10.10;
				MTL_ENABLE_DEBUG_INFO = NO;
				SDKROOT = macosx;
			};
			name = Release;
		};
		742A700A1AC9A40000082DDA /* Debug */ = {
			isa = XCBuildConfiguration;
			buildSettings = {
				PRODUCT_NAME = "$(TARGET_NAME)";
			};
			name = Debug;
		};
		742A700B1AC9A40000082DDA /* Release */ = {
			isa = XCBuildConfiguration;
			buildSettings = {
				PRODUCT_NAME = "$(TARGET_NAME)";
			};
			name = Release;
		};
/* End XCBuildConfiguration section */

/* Begin XCConfigurationList section */
		742A6FFD1AC9A40000082DDA /* Build configuration list for PBXProject "Labo 6" */ = {
			isa = XCConfigurationList;
			buildConfigurations = (
				742A70071AC9A40000082DDA /* Debug */,
				742A70081AC9A40000082DDA /* Release */,
			);
			defaultConfigurationIsVisible = 0;
			defaultConfigurationName = Release;
		};
		742A70091AC9A40000082DDA /* Build configuration list for PBXNativeTarget "Labo 6" */ = {
			isa = XCConfigurationList;
			buildConfigurations = (
				742A700A1AC9A40000082DDA /* Debug */,
				742A700B1AC9A40000082DDA /* Release */,
			);
			defaultConfigurationIsVisible = 0;
			defaultConfigurationName = Release;
		};
/* End XCConfigurationList section */
	};
	rootObject = 742A6FFA1AC9A40000082DDA /* Project object */;
}
